<Solution>
  <Folder Name="/src/">
    <Project Path="src/DomainCopilot.Api/DomainCopilot.Api.csproj" />
    <Project Path="src/DomainCopilot.Application/DomainCopilot.Application.csproj" />
    <Project Path="src/DomainCopilot.Domain/DomainCopilot.Domain.csproj" />
    <Project Path="src/DomainCopilot.Infrastructure/DomainCopilot.Infrastructure.csproj" />
    <Project Path="src/DomainCopilot.Worker/DomainCopilot.Worker.csproj" />
  </Folder>
</Solution>
